
Microsoft Visual Studio Solution File, Format Version 12.00
# Visual Studio Version 16
VisualStudioVersion = 16.0.29009.5
MinimumVisualStudioVersion = 10.0.40219.1
Project("{9A19103F-16F7-4668-BE54-9A1E7A4F7556}") = "Sort", "Sort\Sort.csproj", "{65C13994-FC19-4EC4-9E69-F17F2C7523EF}"
EndProject
Global
	GlobalSection(SolutionConfigurationPlatforms) = preSolution
		Debug|Any CPU = Debug|Any CPU
		Release|Any CPU = Release|Any CPU
	EndGlobalSection
	GlobalSection(ProjectConfigurationPlatforms) = postSolution
		{65C13994-FC19-4EC4-9E69-F17F2C7523EF}.Debug|Any CPU.ActiveCfg = Debug|Any CPU
		{65C13994-FC19-4EC4-9E69-F17F2C7523EF}.Debug|Any CPU.Build.0 = Debug|Any CPU
		{65C13994-FC19-4EC4-9E69-F17F2C7523EF}.Release|Any CPU.ActiveCfg = Release|Any CPU
		{65C13994-FC19-4EC4-9E69-F17F2C7523EF}.Release|Any CPU.Build.0 = Release|Any CPU
	EndGlobalSection
	GlobalSection(SolutionProperties) = preSolution
		HideSolutionNode = FALSE
	EndGlobalSection
	GlobalSection(ExtensibilityGlobals) = postSolution
		SolutionGuid = {F4C5222D-9C91-4FBF-A51F-4B071303CD4B}
	EndGlobalSection
EndGlobal
