
Microsoft Visual Studio Solution File, Format Version 12.00
# Visual Studio Version 16
VisualStudioVersion = 16.0.29009.5
MinimumVisualStudioVersion = 10.0.40219.1
Project("{FAE04EC0-301F-11D3-BF4B-00C04F79EFBC}") = "Sort", "Sort\Sort.csproj", "{A7C0650F-7CB2-46A7-98B2-B4E1BFFB93DF}"
EndProject
Global
	GlobalSection(SolutionConfigurationPlatforms) = preSolution
		Debug|Any CPU = Debug|Any CPU
		Release|Any CPU = Release|Any CPU
	EndGlobalSection
	GlobalSection(ProjectConfigurationPlatforms) = postSolution
		{A7C0650F-7CB2-46A7-98B2-B4E1BFFB93DF}.Debug|Any CPU.ActiveCfg = Debug|Any CPU
		{A7C0650F-7CB2-46A7-98B2-B4E1BFFB93DF}.Debug|Any CPU.Build.0 = Debug|Any CPU
		{A7C0650F-7CB2-46A7-98B2-B4E1BFFB93DF}.Release|Any CPU.ActiveCfg = Release|Any CPU
		{A7C0650F-7CB2-46A7-98B2-B4E1BFFB93DF}.Release|Any CPU.Build.0 = Release|Any CPU
	EndGlobalSection
	GlobalSection(SolutionProperties) = preSolution
		HideSolutionNode = FALSE
	EndGlobalSection
	GlobalSection(ExtensibilityGlobals) = postSolution
		SolutionGuid = {837AEE4B-DDCD-4CB6-8B20-B4A68F2D511F}
	EndGlobalSection
EndGlobal
